// !$*UTF8*$!
{
	archiveVersion = 1;
	classes = {
	};
	objectVersion = 50;
	objects = {

/* Begin PBXBuildFile section */
		9A7320DD22AEB6540059F9FA /* Post.swift in Sources */ = {isa = PBXBuildFile; fileRef = 9A7320DC22AEB6540059F9FA /* Post.swift */; };
		9AB5011622B4D447006AD255 /* User.swift in Sources */ = {isa = PBXBuildFile; fileRef = 9AB5011522B4D447006AD255 /* User.swift */; };
		9AB7A56322AE9E1300D43320 /* NetworkWorker.swift in Sources */ = {isa = PBXBuildFile; fileRef = 9AB7A56222AE9E1300D43320 /* NetworkWorker.swift */; };
		9AB9805123C2108C00BBA15A /* AppHelper.swift in Sources */ = {isa = PBXBuildFile; fileRef = 9AB9803623C2108B00BBA15A /* AppHelper.swift */; };
		9AB9805223C2108C00BBA15A /* LaunchScreen.storyboard in Resources */ = {isa = PBXBuildFile; fileRef = 9AB9803723C2108B00BBA15A /* LaunchScreen.storyboard */; };
		9AB9805323C2108C00BBA15A /* AppDelegate.swift in Sources */ = {isa = PBXBuildFile; fileRef = 9AB9803923C2108B00BBA15A /* AppDelegate.swift */; };
		9AB9805423C2108C00BBA15A /* AppStoryboard.swift in Sources */ = {isa = PBXBuildFile; fileRef = 9AB9803A23C2108B00BBA15A /* AppStoryboard.swift */; };
		9AB9805523C2108C00BBA15A /* HomeInteractor.swift in Sources */ = {isa = PBXBuildFile; fileRef = 9AB9803D23C2108C00BBA15A /* HomeInteractor.swift */; };
		9AB9805623C2108C00BBA15A /* Home.storyboard in Resources */ = {isa = PBXBuildFile; fileRef = 9AB9803E23C2108C00BBA15A /* Home.storyboard */; };
		9AB9805723C2108C00BBA15A /* HomeViewController.swift in Sources */ = {isa = PBXBuildFile; fileRef = 9AB9803F23C2108C00BBA15A /* HomeViewController.swift */; };
		9AB9805823C2108C00BBA15A /* HomeRouter.swift in Sources */ = {isa = PBXBuildFile; fileRef = 9AB9804023C2108C00BBA15A /* HomeRouter.swift */; };
		9AB9805923C2108C00BBA15A /* HomeWorker.swift in Sources */ = {isa = PBXBuildFile; fileRef = 9AB9804123C2108C00BBA15A /* HomeWorker.swift */; };
		9AB9805A23C2108C00BBA15A /* HomeModels.swift in Sources */ = {isa = PBXBuildFile; fileRef = 9AB9804223C2108C00BBA15A /* HomeModels.swift */; };
		9AB9805B23C2108C00BBA15A /* HomePresenter.swift in Sources */ = {isa = PBXBuildFile; fileRef = 9AB9804323C2108C00BBA15A /* HomePresenter.swift */; };
		9AB9805C23C2108C00BBA15A /* PostsInteractor.swift in Sources */ = {isa = PBXBuildFile; fileRef = 9AB9804523C2108C00BBA15A /* PostsInteractor.swift */; };
		9AB9805D23C2108C00BBA15A /* Posts.storyboard in Resources */ = {isa = PBXBuildFile; fileRef = 9AB9804623C2108C00BBA15A /* Posts.storyboard */; };
		9AB9805E23C2108C00BBA15A /* PostsModels.swift in Sources */ = {isa = PBXBuildFile; fileRef = 9AB9804723C2108C00BBA15A /* PostsModels.swift */; };
		9AB9805F23C2108C00BBA15A /* PostsViewController.swift in Sources */ = {isa = PBXBuildFile; fileRef = 9AB9804823C2108C00BBA15A /* PostsViewController.swift */; };
		9AB9806023C2108C00BBA15A /* PostsWorker.swift in Sources */ = {isa = PBXBuildFile; fileRef = 9AB9804923C2108C00BBA15A /* PostsWorker.swift */; };
		9AB9806123C2108C00BBA15A /* PostsPresenter.swift in Sources */ = {isa = PBXBuildFile; fileRef = 9AB9804A23C2108C00BBA15A /* PostsPresenter.swift */; };
		9AB9806223C2108C00BBA15A /* PostsRouter.swift in Sources */ = {isa = PBXBuildFile; fileRef = 9AB9804B23C2108C00BBA15A /* PostsRouter.swift */; };
		9AB9806423C2108C00BBA15A /* Assets.xcassets in Resources */ = {isa = PBXBuildFile; fileRef = 9AB9805023C2108C00BBA15A /* Assets.xcassets */; };
/* End PBXBuildFile section */

/* Begin PBXFileReference section */
		9A7320DC22AEB6540059F9FA /* Post.swift */ = {isa = PBXFileReference; lastKnownFileType = sourcecode.swift; path = Post.swift; sourceTree = "<group>"; };
		9AB5011522B4D447006AD255 /* User.swift */ = {isa = PBXFileReference; lastKnownFileType = sourcecode.swift; path = User.swift; sourceTree = "<group>"; };
		9AB7A53C22AE73C700D43320 /* CleanSwiftWorker.app */ = {isa = PBXFileReference; explicitFileType = wrapper.application; includeInIndex = 0; path = CleanSwiftWorker.app; sourceTree = BUILT_PRODUCTS_DIR; };
		9AB7A56222AE9E1300D43320 /* NetworkWorker.swift */ = {isa = PBXFileReference; lastKnownFileType = sourcecode.swift; path = NetworkWorker.swift; sourceTree = "<group>"; };
		9AB9803623C2108B00BBA15A /* AppHelper.swift */ = {isa = PBXFileReference; fileEncoding = 4; lastKnownFileType = sourcecode.swift; path = AppHelper.swift; sourceTree = "<group>"; };
		9AB9803823C2108B00BBA15A /* Base */ = {isa = PBXFileReference; lastKnownFileType = file.storyboard; name = Base; path = Base.lproj/LaunchScreen.storyboard; sourceTree = "<group>"; };
		9AB9803923C2108B00BBA15A /* AppDelegate.swift */ = {isa = PBXFileReference; fileEncoding = 4; lastKnownFileType = sourcecode.swift; path = AppDelegate.swift; sourceTree = "<group>"; };
		9AB9803A23C2108B00BBA15A /* AppStoryboard.swift */ = {isa = PBXFileReference; fileEncoding = 4; lastKnownFileType = sourcecode.swift; path = AppStoryboard.swift; sourceTree = "<group>"; };
		9AB9803D23C2108C00BBA15A /* HomeInteractor.swift */ = {isa = PBXFileReference; fileEncoding = 4; lastKnownFileType = sourcecode.swift; path = HomeInteractor.swift; sourceTree = "<group>"; };
		9AB9803E23C2108C00BBA15A /* Home.storyboard */ = {isa = PBXFileReference; fileEncoding = 4; lastKnownFileType = file.storyboard; path = Home.storyboard; sourceTree = "<group>"; };
		9AB9803F23C2108C00BBA15A /* HomeViewController.swift */ = {isa = PBXFileReference; fileEncoding = 4; lastKnownFileType = sourcecode.swift; path = HomeViewController.swift; sourceTree = "<group>"; };
		9AB9804023C2108C00BBA15A /* HomeRouter.swift */ = {isa = PBXFileReference; fileEncoding = 4; lastKnownFileType = sourcecode.swift; path = HomeRouter.swift; sourceTree = "<group>"; };
		9AB9804123C2108C00BBA15A /* HomeWorker.swift */ = {isa = PBXFileReference; fileEncoding = 4; lastKnownFileType = sourcecode.swift; path = HomeWorker.swift; sourceTree = "<group>"; };
		9AB9804223C2108C00BBA15A /* HomeModels.swift */ = {isa = PBXFileReference; fileEncoding = 4; lastKnownFileType = sourcecode.swift; path = HomeModels.swift; sourceTree = "<group>"; };
		9AB9804323C2108C00BBA15A /* HomePresenter.swift */ = {isa = PBXFileReference; fileEncoding = 4; lastKnownFileType = sourcecode.swift; path = HomePresenter.swift; sourceTree = "<group>"; };
		9AB9804523C2108C00BBA15A /* PostsInteractor.swift */ = {isa = PBXFileReference; fileEncoding = 4; lastKnownFileType = sourcecode.swift; path = PostsInteractor.swift; sourceTree = "<group>"; };
		9AB9804623C2108C00BBA15A /* Posts.storyboard */ = {isa = PBXFileReference; fileEncoding = 4; lastKnownFileType = file.storyboard; path = Posts.storyboard; sourceTree = "<group>"; };
		9AB9804723C2108C00BBA15A /* PostsModels.swift */ = {isa = PBXFileReference; fileEncoding = 4; lastKnownFileType = sourcecode.swift; path = PostsModels.swift; sourceTree = "<group>"; };
		9AB9804823C2108C00BBA15A /* PostsViewController.swift */ = {isa = PBXFileReference; fileEncoding = 4; lastKnownFileType = sourcecode.swift; path = PostsViewController.swift; sourceTree = "<group>"; };
		9AB9804923C2108C00BBA15A /* PostsWorker.swift */ = {isa = PBXFileReference; fileEncoding = 4; lastKnownFileType = sourcecode.swift; path = PostsWorker.swift; sourceTree = "<group>"; };
		9AB9804A23C2108C00BBA15A /* PostsPresenter.swift */ = {isa = PBXFileReference; fileEncoding = 4; lastKnownFileType = sourcecode.swift; path = PostsPresenter.swift; sourceTree = "<group>"; };
		9AB9804B23C2108C00BBA15A /* PostsRouter.swift */ = {isa = PBXFileReference; fileEncoding = 4; lastKnownFileType = sourcecode.swift; path = PostsRouter.swift; sourceTree = "<group>"; };
		9AB9804F23C2108C00BBA15A /* Info.plist */ = {isa = PBXFileReference; fileEncoding = 4; lastKnownFileType = text.plist.xml; path = Info.plist; sourceTree = "<group>"; };
		9AB9805023C2108C00BBA15A /* Assets.xcassets */ = {isa = PBXFileReference; lastKnownFileType = folder.assetcatalog; path = Assets.xcassets; sourceTree = "<group>"; };
/* End PBXFileReference section */

/* Begin PBXFrameworksBuildPhase section */
		9AB7A53922AE73C600D43320 /* Frameworks */ = {
			isa = PBXFrameworksBuildPhase;
			buildActionMask = 2147483647;
			files = (
			);
			runOnlyForDeploymentPostprocessing = 0;
		};
/* End PBXFrameworksBuildPhase section */

/* Begin PBXGroup section */
		9A7320DB22AEB6470059F9FA /* Models */ = {
			isa = PBXGroup;
			children = (
				9A7320DC22AEB6540059F9FA /* Post.swift */,
				9AB5011522B4D447006AD255 /* User.swift */,
			);
			path = Models;
			sourceTree = "<group>";
		};
		9AB7A53322AE73C600D43320 = {
			isa = PBXGroup;
			children = (
				9AB7A53E22AE73C700D43320 /* CleanSwiftWorker */,
				9AB7A53D22AE73C700D43320 /* Products */,
			);
			sourceTree = "<group>";
		};
		9AB7A53D22AE73C700D43320 /* Products */ = {
			isa = PBXGroup;
			children = (
				9AB7A53C22AE73C700D43320 /* CleanSwiftWorker.app */,
			);
			name = Products;
			sourceTree = "<group>";
		};
		9AB7A53E22AE73C700D43320 /* CleanSwiftWorker */ = {
			isa = PBXGroup;
			children = (
				9AB9803523C2108B00BBA15A /* Application */,
				9A7320DB22AEB6470059F9FA /* Models */,
				9AB9804D23C2108C00BBA15A /* Resources */,
				9AB9803B23C2108C00BBA15A /* Stories */,
				9AB7A55122AE73D100D43320 /* Workers */,
			);
			path = CleanSwiftWorker;
			sourceTree = "<group>";
		};
		9AB7A55122AE73D100D43320 /* Workers */ = {
			isa = PBXGroup;
			children = (
				9AB7A56222AE9E1300D43320 /* NetworkWorker.swift */,
			);
			path = Workers;
			sourceTree = "<group>";
		};
		9AB9803523C2108B00BBA15A /* Application */ = {
			isa = PBXGroup;
			children = (
				9AB9803923C2108B00BBA15A /* AppDelegate.swift */,
				9AB9803623C2108B00BBA15A /* AppHelper.swift */,
				9AB9803A23C2108B00BBA15A /* AppStoryboard.swift */,
				9AB9803723C2108B00BBA15A /* LaunchScreen.storyboard */,
			);
			path = Application;
			sourceTree = "<group>";
		};
		9AB9803B23C2108C00BBA15A /* Stories */ = {
			isa = PBXGroup;
			children = (
				9AB9803C23C2108C00BBA15A /* Home */,
				9AB9804423C2108C00BBA15A /* Posts */,
			);
			path = Stories;
			sourceTree = "<group>";
		};
		9AB9803C23C2108C00BBA15A /* Home */ = {
			isa = PBXGroup;
			children = (
				9AB9803E23C2108C00BBA15A /* Home.storyboard */,
				9AB9803F23C2108C00BBA15A /* HomeViewController.swift */,
				9AB9803D23C2108C00BBA15A /* HomeInteractor.swift */,
				9AB9804323C2108C00BBA15A /* HomePresenter.swift */,
				9AB9804223C2108C00BBA15A /* HomeModels.swift */,
				9AB9804023C2108C00BBA15A /* HomeRouter.swift */,
				9AB9804123C2108C00BBA15A /* HomeWorker.swift */,
			);
			path = Home;
			sourceTree = "<group>";
		};
		9AB9804423C2108C00BBA15A /* Posts */ = {
			isa = PBXGroup;
			children = (
				9AB9804623C2108C00BBA15A /* Posts.storyboard */,
				9AB9804823C2108C00BBA15A /* PostsViewController.swift */,
				9AB9804523C2108C00BBA15A /* PostsInteractor.swift */,
				9AB9804A23C2108C00BBA15A /* PostsPresenter.swift */,
				9AB9804723C2108C00BBA15A /* PostsModels.swift */,
				9AB9804B23C2108C00BBA15A /* PostsRouter.swift */,
				9AB9804923C2108C00BBA15A /* PostsWorker.swift */,
			);
			path = Posts;
			sourceTree = "<group>";
		};
		9AB9804D23C2108C00BBA15A /* Resources */ = {
			isa = PBXGroup;
			children = (
				9AB9805023C2108C00BBA15A /* Assets.xcassets */,
				9AB9804E23C2108C00BBA15A /* Config */,
			);
			path = Resources;
			sourceTree = "<group>";
		};
		9AB9804E23C2108C00BBA15A /* Config */ = {
			isa = PBXGroup;
			children = (
				9AB9804F23C2108C00BBA15A /* Info.plist */,
			);
			path = Config;
			sourceTree = "<group>";
		};
/* End PBXGroup section */

/* Begin PBXNativeTarget section */
		9AB7A53B22AE73C600D43320 /* CleanSwiftWorker */ = {
			isa = PBXNativeTarget;
			buildConfigurationList = 9AB7A54E22AE73C700D43320 /* Build configuration list for PBXNativeTarget "CleanSwiftWorker" */;
			buildPhases = (
				9AB7A53822AE73C600D43320 /* Sources */,
				9AB7A53922AE73C600D43320 /* Frameworks */,
				9AB7A53A22AE73C600D43320 /* Resources */,
			);
			buildRules = (
			);
			dependencies = (
			);
			name = CleanSwiftWorker;
			productName = CleanSwiftWorker;
			productReference = 9AB7A53C22AE73C700D43320 /* CleanSwiftWorker.app */;
			productType = "com.apple.product-type.application";
		};
/* End PBXNativeTarget section */

/* Begin PBXProject section */
		9AB7A53422AE73C600D43320 /* Project object */ = {
			isa = PBXProject;
			attributes = {
				LastSwiftUpdateCheck = 1020;
				LastUpgradeCheck = 1020;
				ORGANIZATIONNAME = "Aleksey Pleshkov";
				TargetAttributes = {
					9AB7A53B22AE73C600D43320 = {
						CreatedOnToolsVersion = 10.2.1;
					};
				};
			};
			buildConfigurationList = 9AB7A53722AE73C600D43320 /* Build configuration list for PBXProject "CleanSwiftWorker" */;
			compatibilityVersion = "Xcode 9.3";
			developmentRegion = en;
			hasScannedForEncodings = 0;
			knownRegions = (
				en,
				Base,
			);
			mainGroup = 9AB7A53322AE73C600D43320;
			productRefGroup = 9AB7A53D22AE73C700D43320 /* Products */;
			projectDirPath = "";
			projectRoot = "";
			targets = (
				9AB7A53B22AE73C600D43320 /* CleanSwiftWorker */,
			);
		};
/* End PBXProject section */

/* Begin PBXResourcesBuildPhase section */
		9AB7A53A22AE73C600D43320 /* Resources */ = {
			isa = PBXResourcesBuildPhase;
			buildActionMask = 2147483647;
			files = (
				9AB9805D23C2108C00BBA15A /* Posts.storyboard in Resources */,
				9AB9805223C2108C00BBA15A /* LaunchScreen.storyboard in Resources */,
				9AB9805623C2108C00BBA15A /* Home.storyboard in Resources */,
				9AB9806423C2108C00BBA15A /* Assets.xcassets in Resources */,
			);
			runOnlyForDeploymentPostprocessing = 0;
		};
/* End PBXResourcesBuildPhase section */

/* Begin PBXSourcesBuildPhase section */
		9AB7A53822AE73C600D43320 /* Sources */ = {
			isa = PBXSourcesBuildPhase;
			buildActionMask = 2147483647;
			files = (
				9AB9806223C2108C00BBA15A /* PostsRouter.swift in Sources */,
				9AB9806123C2108C00BBA15A /* PostsPresenter.swift in Sources */,
				9AB7A56322AE9E1300D43320 /* NetworkWorker.swift in Sources */,
				9AB9805C23C2108C00BBA15A /* PostsInteractor.swift in Sources */,
				9AB5011622B4D447006AD255 /* User.swift in Sources */,
				9AB9805E23C2108C00BBA15A /* PostsModels.swift in Sources */,
				9A7320DD22AEB6540059F9FA /* Post.swift in Sources */,
				9AB9805B23C2108C00BBA15A /* HomePresenter.swift in Sources */,
				9AB9805723C2108C00BBA15A /* HomeViewController.swift in Sources */,
				9AB9805323C2108C00BBA15A /* AppDelegate.swift in Sources */,
				9AB9805423C2108C00BBA15A /* AppStoryboard.swift in Sources */,
				9AB9805F23C2108C00BBA15A /* PostsViewController.swift in Sources */,
				9AB9805123C2108C00BBA15A /* AppHelper.swift in Sources */,
				9AB9805823C2108C00BBA15A /* HomeRouter.swift in Sources */,
				9AB9805923C2108C00BBA15A /* HomeWorker.swift in Sources */,
				9AB9805523C2108C00BBA15A /* HomeInteractor.swift in Sources */,
				9AB9805A23C2108C00BBA15A /* HomeModels.swift in Sources */,
				9AB9806023C2108C00BBA15A /* PostsWorker.swift in Sources */,
			);
			runOnlyForDeploymentPostprocessing = 0;
		};
/* End PBXSourcesBuildPhase section */

/* Begin PBXVariantGroup section */
		9AB9803723C2108B00BBA15A /* LaunchScreen.storyboard */ = {
			isa = PBXVariantGroup;
			children = (
				9AB9803823C2108B00BBA15A /* Base */,
			);
			name = LaunchScreen.storyboard;
			sourceTree = "<group>";
		};
/* End PBXVariantGroup section */

/* Begin XCBuildConfiguration section */
		9AB7A54C22AE73C700D43320 /* Debug */ = {
			isa = XCBuildConfiguration;
			buildSettings = {
				ALWAYS_SEARCH_USER_PATHS = NO;
				CLANG_ANALYZER_NONNULL = YES;
				CLANG_ANALYZER_NUMBER_OBJECT_CONVERSION = YES_AGGRESSIVE;
				CLANG_CXX_LANGUAGE_STANDARD = "gnu++14";
				CLANG_CXX_LIBRARY = "libc++";
				CLANG_ENABLE_MODULES = YES;
				CLANG_ENABLE_OBJC_ARC = YES;
				CLANG_ENABLE_OBJC_WEAK = YES;
				CLANG_WARN_BLOCK_CAPTURE_AUTORELEASING = YES;
				CLANG_WARN_BOOL_CONVERSION = YES;
				CLANG_WARN_COMMA = YES;
				CLANG_WARN_CONSTANT_CONVERSION = YES;
				CLANG_WARN_DEPRECATED_OBJC_IMPLEMENTATIONS = YES;
				CLANG_WARN_DIRECT_OBJC_ISA_USAGE = YES_ERROR;
				CLANG_WARN_DOCUMENTATION_COMMENTS = YES;
				CLANG_WARN_EMPTY_BODY = YES;
				CLANG_WARN_ENUM_CONVERSION = YES;
				CLANG_WARN_INFINITE_RECURSION = YES;
				CLANG_WARN_INT_CONVERSION = YES;
				CLANG_WARN_NON_LITERAL_NULL_CONVERSION = YES;
				CLANG_WARN_OBJC_IMPLICIT_RETAIN_SELF = YES;
				CLANG_WARN_OBJC_LITERAL_CONVERSION = YES;
				CLANG_WARN_OBJC_ROOT_CLASS = YES_ERROR;
				CLANG_WARN_RANGE_LOOP_ANALYSIS = YES;
				CLANG_WARN_STRICT_PROTOTYPES = YES;
				CLANG_WARN_SUSPICIOUS_MOVE = YES;
				CLANG_WARN_UNGUARDED_AVAILABILITY = YES_AGGRESSIVE;
				CLANG_WARN_UNREACHABLE_CODE = YES;
				CLANG_WARN__DUPLICATE_METHOD_MATCH = YES;
				CODE_SIGN_IDENTITY = "iPhone Developer";
				COPY_PHASE_STRIP = NO;
				DEBUG_INFORMATION_FORMAT = dwarf;
				ENABLE_STRICT_OBJC_MSGSEND = YES;
				ENABLE_TESTABILITY = YES;
				GCC_C_LANGUAGE_STANDARD = gnu11;
				GCC_DYNAMIC_NO_PIC = NO;
				GCC_NO_COMMON_BLOCKS = YES;
				GCC_OPTIMIZATION_LEVEL = 0;
				GCC_PREPROCESSOR_DEFINITIONS = (
					"DEBUG=1",
					"$(inherited)",
				);
				GCC_WARN_64_TO_32_BIT_CONVERSION = YES;
				GCC_WARN_ABOUT_RETURN_TYPE = YES_ERROR;
				GCC_WARN_UNDECLARED_SELECTOR = YES;
				GCC_WARN_UNINITIALIZED_AUTOS = YES_AGGRESSIVE;
				GCC_WARN_UNUSED_FUNCTION = YES;
				GCC_WARN_UNUSED_VARIABLE = YES;
				IPHONEOS_DEPLOYMENT_TARGET = 12.2;
				MTL_ENABLE_DEBUG_INFO = INCLUDE_SOURCE;
				MTL_FAST_MATH = YES;
				ONLY_ACTIVE_ARCH = YES;
				SDKROOT = iphoneos;
				SWIFT_ACTIVE_COMPILATION_CONDITIONS = DEBUG;
				SWIFT_OPTIMIZATION_LEVEL = "-Onone";
			};
			name = Debug;
		};
		9AB7A54D22AE73C700D43320 /* Release */ = {
			isa = XCBuildConfiguration;
			buildSettings = {
				ALWAYS_SEARCH_USER_PATHS = NO;
				CLANG_ANALYZER_NONNULL = YES;
				CLANG_ANALYZER_NUMBER_OBJECT_CONVERSION = YES_AGGRESSIVE;
				CLANG_CXX_LANGUAGE_STANDARD = "gnu++14";
				CLANG_CXX_LIBRARY = "libc++";
				CLANG_ENABLE_MODULES = YES;
				CLANG_ENABLE_OBJC_ARC = YES;
				CLANG_ENABLE_OBJC_WEAK = YES;
				CLANG_WARN_BLOCK_CAPTURE_AUTORELEASING = YES;
				CLANG_WARN_BOOL_CONVERSION = YES;
				CLANG_WARN_COMMA = YES;
				CLANG_WARN_CONSTANT_CONVERSION = YES;
				CLANG_WARN_DEPRECATED_OBJC_IMPLEMENTATIONS = YES;
				CLANG_WARN_DIRECT_OBJC_ISA_USAGE = YES_ERROR;
				CLANG_WARN_DOCUMENTATION_COMMENTS = YES;
				CLANG_WARN_EMPTY_BODY = YES;
				CLANG_WARN_ENUM_CONVERSION = YES;
				CLANG_WARN_INFINITE_RECURSION = YES;
				CLANG_WARN_INT_CONVERSION = YES;
				CLANG_WARN_NON_LITERAL_NULL_CONVERSION = YES;
				CLANG_WARN_OBJC_IMPLICIT_RETAIN_SELF = YES;
				CLANG_WARN_OBJC_LITERAL_CONVERSION = YES;
				CLANG_WARN_OBJC_ROOT_CLASS = YES_ERROR;
				CLANG_WARN_RANGE_LOOP_ANALYSIS = YES;
				CLANG_WARN_STRICT_PROTOTYPES = YES;
				CLANG_WARN_SUSPICIOUS_MOVE = YES;
				CLANG_WARN_UNGUARDED_AVAILABILITY = YES_AGGRESSIVE;
				CLANG_WARN_UNREACHABLE_CODE = YES;
				CLANG_WARN__DUPLICATE_METHOD_MATCH = YES;
				CODE_SIGN_IDENTITY = "iPhone Developer";
				COPY_PHASE_STRIP = NO;
				DEBUG_INFORMATION_FORMAT = "dwarf-with-dsym";
				ENABLE_NS_ASSERTIONS = NO;
				ENABLE_STRICT_OBJC_MSGSEND = YES;
				GCC_C_LANGUAGE_STANDARD = gnu11;
				GCC_NO_COMMON_BLOCKS = YES;
				GCC_WARN_64_TO_32_BIT_CONVERSION = YES;
				GCC_WARN_ABOUT_RETURN_TYPE = YES_ERROR;
				GCC_WARN_UNDECLARED_SELECTOR = YES;
				GCC_WARN_UNINITIALIZED_AUTOS = YES_AGGRESSIVE;
				GCC_WARN_UNUSED_FUNCTION = YES;
				GCC_WARN_UNUSED_VARIABLE = YES;
				IPHONEOS_DEPLOYMENT_TARGET = 12.2;
				MTL_ENABLE_DEBUG_INFO = NO;
				MTL_FAST_MATH = YES;
				SDKROOT = iphoneos;
				SWIFT_COMPILATION_MODE = wholemodule;
				SWIFT_OPTIMIZATION_LEVEL = "-O";
				VALIDATE_PRODUCT = YES;
			};
			name = Release;
		};
		9AB7A54F22AE73C700D43320 /* Debug */ = {
			isa = XCBuildConfiguration;
			buildSettings = {
				ASSETCATALOG_COMPILER_APPICON_NAME = AppIcon;
				CODE_SIGN_STYLE = Automatic;
				DEVELOPMENT_TEAM = 4FTXEEJX24;
				INFOPLIST_FILE = CleanSwiftWorker/Resources/Config/Info.plist;
				LD_RUNPATH_SEARCH_PATHS = (
					"$(inherited)",
					"@executable_path/Frameworks",
				);
				PRODUCT_BUNDLE_IDENTIFIER = ru.alekseypleshkov.CleanSwiftWorker;
				PRODUCT_NAME = "$(TARGET_NAME)";
				SWIFT_VERSION = 5.0;
				TARGETED_DEVICE_FAMILY = "1,2";
			};
			name = Debug;
		};
		9AB7A55022AE73C700D43320 /* Release */ = {
			isa = XCBuildConfiguration;
			buildSettings = {
				ASSETCATALOG_COMPILER_APPICON_NAME = AppIcon;
				CODE_SIGN_STYLE = Automatic;
				DEVELOPMENT_TEAM = 4FTXEEJX24;
				INFOPLIST_FILE = CleanSwiftWorker/Resources/Config/Info.plist;
				LD_RUNPATH_SEARCH_PATHS = (
					"$(inherited)",
					"@executable_path/Frameworks",
				);
				PRODUCT_BUNDLE_IDENTIFIER = ru.alekseypleshkov.CleanSwiftWorker;
				PRODUCT_NAME = "$(TARGET_NAME)";
				SWIFT_VERSION = 5.0;
				TARGETED_DEVICE_FAMILY = "1,2";
			};
			name = Release;
		};
/* End XCBuildConfiguration section */

/* Begin XCConfigurationList section */
		9AB7A53722AE73C600D43320 /* Build configuration list for PBXProject "CleanSwiftWorker" */ = {
			isa = XCConfigurationList;
			buildConfigurations = (
				9AB7A54C22AE73C700D43320 /* Debug */,
				9AB7A54D22AE73C700D43320 /* Release */,
			);
			defaultConfigurationIsVisible = 0;
			defaultConfigurationName = Release;
		};
		9AB7A54E22AE73C700D43320 /* Build configuration list for PBXNativeTarget "CleanSwiftWorker" */ = {
			isa = XCConfigurationList;
			buildConfigurations = (
				9AB7A54F22AE73C700D43320 /* Debug */,
				9AB7A55022AE73C700D43320 /* Release */,
			);
			defaultConfigurationIsVisible = 0;
			defaultConfigurationName = Release;
		};
/* End XCConfigurationList section */
	};
	rootObject = 9AB7A53422AE73C600D43320 /* Project object */;
}
